// !$*UTF8*$!
{
	archiveVersion = 1;
	classes = {
	};
	objectVersion = 56;
	objects = {

/* Begin PBXBuildFile section */
		63A6EE142944BCF800E442EA /* AppDelegate.swift in Sources */ = {isa = PBXBuildFile; fileRef = 63A6EE132944BCF800E442EA /* AppDelegate.swift */; };
		63A6EE162944BCF800E442EA /* SceneDelegate.swift in Sources */ = {isa = PBXBuildFile; fileRef = 63A6EE152944BCF800E442EA /* SceneDelegate.swift */; };
		63A6EE1B2944BCF800E442EA /* Main.storyboard in Resources */ = {isa = PBXBuildFile; fileRef = 63A6EE192944BCF800E442EA /* Main.storyboard */; };
		63A6EE1D2944BCF900E442EA /* Assets.xcassets in Resources */ = {isa = PBXBuildFile; fileRef = 63A6EE1C2944BCF900E442EA /* Assets.xcassets */; };
		63A6EE202944BCF900E442EA /* LaunchScreen.storyboard in Resources */ = {isa = PBXBuildFile; fileRef = 63A6EE1E2944BCF900E442EA /* LaunchScreen.storyboard */; };
		63A6EE292946143400E442EA /* LoginViewController.swift in Sources */ = {isa = PBXBuildFile; fileRef = 63A6EE282946143400E442EA /* LoginViewController.swift */; };
		63A6EE2B29461CBF00E442EA /* EnterEmailViewController.swift in Sources */ = {isa = PBXBuildFile; fileRef = 63A6EE2A29461CBF00E442EA /* EnterEmailViewController.swift */; };
		63A6EE2D2946224000E442EA /* MainViewController.swift in Sources */ = {isa = PBXBuildFile; fileRef = 63A6EE2C2946224000E442EA /* MainViewController.swift */; };
		63A6EE3129497C5E00E442EA /* GoogleService-Info.plist in Resources */ = {isa = PBXBuildFile; fileRef = 63A6EE3029497C5E00E442EA /* GoogleService-Info.plist */; };
		BC342BAC34221D0CCBE6DB2D /* Pods_LoginSampleApp.framework in Frameworks */ = {isa = PBXBuildFile; fileRef = 3C60EFF4017EB45445A2D275 /* Pods_LoginSampleApp.framework */; };
/* End PBXBuildFile section */

/* Begin PBXFileReference section */
		3C60EFF4017EB45445A2D275 /* Pods_LoginSampleApp.framework */ = {isa = PBXFileReference; explicitFileType = wrapper.framework; includeInIndex = 0; path = Pods_LoginSampleApp.framework; sourceTree = BUILT_PRODUCTS_DIR; };
		63A6EE102944BCF800E442EA /* LoginSampleApp.app */ = {isa = PBXFileReference; explicitFileType = wrapper.application; includeInIndex = 0; path = LoginSampleApp.app; sourceTree = BUILT_PRODUCTS_DIR; };
		63A6EE132944BCF800E442EA /* AppDelegate.swift */ = {isa = PBXFileReference; lastKnownFileType = sourcecode.swift; path = AppDelegate.swift; sourceTree = "<group>"; };
		63A6EE152944BCF800E442EA /* SceneDelegate.swift */ = {isa = PBXFileReference; lastKnownFileType = sourcecode.swift; path = SceneDelegate.swift; sourceTree = "<group>"; };
		63A6EE1A2944BCF800E442EA /* Base */ = {isa = PBXFileReference; lastKnownFileType = file.storyboard; name = Base; path = Base.lproj/Main.storyboard; sourceTree = "<group>"; };
		63A6EE1C2944BCF900E442EA /* Assets.xcassets */ = {isa = PBXFileReference; lastKnownFileType = folder.assetcatalog; path = Assets.xcassets; sourceTree = "<group>"; };
		63A6EE1F2944BCF900E442EA /* Base */ = {isa = PBXFileReference; lastKnownFileType = file.storyboard; name = Base; path = Base.lproj/LaunchScreen.storyboard; sourceTree = "<group>"; };
		63A6EE212944BCF900E442EA /* Info.plist */ = {isa = PBXFileReference; lastKnownFileType = text.plist.xml; path = Info.plist; sourceTree = "<group>"; };
		63A6EE282946143400E442EA /* LoginViewController.swift */ = {isa = PBXFileReference; lastKnownFileType = sourcecode.swift; path = LoginViewController.swift; sourceTree = "<group>"; };
		63A6EE2A29461CBF00E442EA /* EnterEmailViewController.swift */ = {isa = PBXFileReference; lastKnownFileType = sourcecode.swift; path = EnterEmailViewController.swift; sourceTree = "<group>"; };
		63A6EE2C2946224000E442EA /* MainViewController.swift */ = {isa = PBXFileReference; lastKnownFileType = sourcecode.swift; path = MainViewController.swift; sourceTree = "<group>"; };
		63A6EE3029497C5E00E442EA /* GoogleService-Info.plist */ = {isa = PBXFileReference; fileEncoding = 4; lastKnownFileType = text.plist.xml; path = "GoogleService-Info.plist"; sourceTree = "<group>"; };
		6E266237BF51BC943426BCD8 /* Pods-LoginSampleApp.debug.xcconfig */ = {isa = PBXFileReference; includeInIndex = 1; lastKnownFileType = text.xcconfig; name = "Pods-LoginSampleApp.debug.xcconfig"; path = "Target Support Files/Pods-LoginSampleApp/Pods-LoginSampleApp.debug.xcconfig"; sourceTree = "<group>"; };
		8236F31338ACF1FD41B89537 /* Pods-LoginSampleApp.release.xcconfig */ = {isa = PBXFileReference; includeInIndex = 1; lastKnownFileType = text.xcconfig; name = "Pods-LoginSampleApp.release.xcconfig"; path = "Target Support Files/Pods-LoginSampleApp/Pods-LoginSampleApp.release.xcconfig"; sourceTree = "<group>"; };
/* End PBXFileReference section */

/* Begin PBXFrameworksBuildPhase section */
		63A6EE0D2944BCF800E442EA /* Frameworks */ = {
			isa = PBXFrameworksBuildPhase;
			buildActionMask = 2147483647;
			files = (
				BC342BAC34221D0CCBE6DB2D /* Pods_LoginSampleApp.framework in Frameworks */,
			);
			runOnlyForDeploymentPostprocessing = 0;
		};
/* End PBXFrameworksBuildPhase section */

/* Begin PBXGroup section */
		63A6EE072944BCF800E442EA = {
			isa = PBXGroup;
			children = (
				63A6EE122944BCF800E442EA /* LoginSampleApp */,
				63A6EE112944BCF800E442EA /* Products */,
				B9A4E081417B0B59A7CA2D0E /* Pods */,
				C448EF7EF485FB9C3DC68AE0 /* Frameworks */,
			);
			sourceTree = "<group>";
		};
		63A6EE112944BCF800E442EA /* Products */ = {
			isa = PBXGroup;
			children = (
				63A6EE102944BCF800E442EA /* LoginSampleApp.app */,
			);
			name = Products;
			sourceTree = "<group>";
		};
		63A6EE122944BCF800E442EA /* LoginSampleApp */ = {
			isa = PBXGroup;
			children = (
				63A6EE272946142200E442EA /* View */,
				63A6EE132944BCF800E442EA /* AppDelegate.swift */,
				63A6EE152944BCF800E442EA /* SceneDelegate.swift */,
				63A6EE192944BCF800E442EA /* Main.storyboard */,
				63A6EE1C2944BCF900E442EA /* Assets.xcassets */,
				63A6EE1E2944BCF900E442EA /* LaunchScreen.storyboard */,
				63A6EE212944BCF900E442EA /* Info.plist */,
				63A6EE3029497C5E00E442EA /* GoogleService-Info.plist */,
			);
			path = LoginSampleApp;
			sourceTree = "<group>";
		};
		63A6EE272946142200E442EA /* View */ = {
			isa = PBXGroup;
			children = (
				63A6EE282946143400E442EA /* LoginViewController.swift */,
				63A6EE2A29461CBF00E442EA /* EnterEmailViewController.swift */,
				63A6EE2C2946224000E442EA /* MainViewController.swift */,
			);
			path = View;
			sourceTree = "<group>";
		};
		B9A4E081417B0B59A7CA2D0E /* Pods */ = {
			isa = PBXGroup;
			children = (
				6E266237BF51BC943426BCD8 /* Pods-LoginSampleApp.debug.xcconfig */,
				8236F31338ACF1FD41B89537 /* Pods-LoginSampleApp.release.xcconfig */,
			);
			name = Pods;
			path = Pods;
			sourceTree = "<group>";
		};
		C448EF7EF485FB9C3DC68AE0 /* Frameworks */ = {
			isa = PBXGroup;
			children = (
				3C60EFF4017EB45445A2D275 /* Pods_LoginSampleApp.framework */,
			);
			name = Frameworks;
			sourceTree = "<group>";
		};
/* End PBXGroup section */

/* Begin PBXNativeTarget section */
		63A6EE0F2944BCF800E442EA /* LoginSampleApp */ = {
			isa = PBXNativeTarget;
			buildConfigurationList = 63A6EE242944BCF900E442EA /* Build configuration list for PBXNativeTarget "LoginSampleApp" */;
			buildPhases = (
				4F6C4DEC48790CD51DD49890 /* [CP] Check Pods Manifest.lock */,
				63A6EE0C2944BCF800E442EA /* Sources */,
				63A6EE0D2944BCF800E442EA /* Frameworks */,
				63A6EE0E2944BCF800E442EA /* Resources */,
				D56CB0585D1EB9AB3484F3B5 /* [CP] Embed Pods Frameworks */,
			);
			buildRules = (
			);
			dependencies = (
			);
			name = LoginSampleApp;
			productName = LoginSampleApp;
			productReference = 63A6EE102944BCF800E442EA /* LoginSampleApp.app */;
			productType = "com.apple.product-type.application";
		};
/* End PBXNativeTarget section */

/* Begin PBXProject section */
		63A6EE082944BCF800E442EA /* Project object */ = {
			isa = PBXProject;
			attributes = {
				BuildIndependentTargetsInParallel = 1;
				LastSwiftUpdateCheck = 1400;
				LastUpgradeCheck = 1400;
				TargetAttributes = {
					63A6EE0F2944BCF800E442EA = {
						CreatedOnToolsVersion = 14.0;
					};
				};
			};
			buildConfigurationList = 63A6EE0B2944BCF800E442EA /* Build configuration list for PBXProject "LoginSampleApp" */;
			compatibilityVersion = "Xcode 14.0";
			developmentRegion = en;
			hasScannedForEncodings = 0;
			knownRegions = (
				en,
				Base,
			);
			mainGroup = 63A6EE072944BCF800E442EA;
			productRefGroup = 63A6EE112944BCF800E442EA /* Products */;
			projectDirPath = "";
			projectRoot = "";
			targets = (
				63A6EE0F2944BCF800E442EA /* LoginSampleApp */,
			);
		};
/* End PBXProject section */

/* Begin PBXResourcesBuildPhase section */
		63A6EE0E2944BCF800E442EA /* Resources */ = {
			isa = PBXResourcesBuildPhase;
			buildActionMask = 2147483647;
			files = (
				63A6EE202944BCF900E442EA /* LaunchScreen.storyboard in Resources */,
				63A6EE3129497C5E00E442EA /* GoogleService-Info.plist in Resources */,
				63A6EE1D2944BCF900E442EA /* Assets.xcassets in Resources */,
				63A6EE1B2944BCF800E442EA /* Main.storyboard in Resources */,
			);
			runOnlyForDeploymentPostprocessing = 0;
		};
/* End PBXResourcesBuildPhase section */

/* Begin PBXShellScriptBuildPhase section */
		4F6C4DEC48790CD51DD49890 /* [CP] Check Pods Manifest.lock */ = {
			isa = PBXShellScriptBuildPhase;
			buildActionMask = 2147483647;
			files = (
			);
			inputFileListPaths = (
			);
			inputPaths = (
				"${PODS_PODFILE_DIR_PATH}/Podfile.lock",
				"${PODS_ROOT}/Manifest.lock",
			);
			name = "[CP] Check Pods Manifest.lock";
			outputFileListPaths = (
			);
			outputPaths = (
				"$(DERIVED_FILE_DIR)/Pods-LoginSampleApp-checkManifestLockResult.txt",
			);
			runOnlyForDeploymentPostprocessing = 0;
			shellPath = /bin/sh;
			shellScript = "diff \"${PODS_PODFILE_DIR_PATH}/Podfile.lock\" \"${PODS_ROOT}/Manifest.lock\" > /dev/null\nif [ $? != 0 ] ; then\n    # print error to STDERR\n    echo \"error: The sandbox is not in sync with the Podfile.lock. Run 'pod install' or update your CocoaPods installation.\" >&2\n    exit 1\nfi\n# This output is used by Xcode 'outputs' to avoid re-running this script phase.\necho \"SUCCESS\" > \"${SCRIPT_OUTPUT_FILE_0}\"\n";
			showEnvVarsInLog = 0;
		};
		D56CB0585D1EB9AB3484F3B5 /* [CP] Embed Pods Frameworks */ = {
			isa = PBXShellScriptBuildPhase;
			buildActionMask = 2147483647;
			files = (
			);
			inputFileListPaths = (
				"${PODS_ROOT}/Target Support Files/Pods-LoginSampleApp/Pods-LoginSampleApp-frameworks-${CONFIGURATION}-input-files.xcfilelist",
			);
			name = "[CP] Embed Pods Frameworks";
			outputFileListPaths = (
				"${PODS_ROOT}/Target Support Files/Pods-LoginSampleApp/Pods-LoginSampleApp-frameworks-${CONFIGURATION}-output-files.xcfilelist",
			);
			runOnlyForDeploymentPostprocessing = 0;
			shellPath = /bin/sh;
			shellScript = "\"${PODS_ROOT}/Target Support Files/Pods-LoginSampleApp/Pods-LoginSampleApp-frameworks.sh\"\n";
			showEnvVarsInLog = 0;
		};
/* End PBXShellScriptBuildPhase section */

/* Begin PBXSourcesBuildPhase section */
		63A6EE0C2944BCF800E442EA /* Sources */ = {
			isa = PBXSourcesBuildPhase;
			buildActionMask = 2147483647;
			files = (
				63A6EE292946143400E442EA /* LoginViewController.swift in Sources */,
				63A6EE142944BCF800E442EA /* AppDelegate.swift in Sources */,
				63A6EE2B29461CBF00E442EA /* EnterEmailViewController.swift in Sources */,
				63A6EE162944BCF800E442EA /* SceneDelegate.swift in Sources */,
				63A6EE2D2946224000E442EA /* MainViewController.swift in Sources */,
			);
			runOnlyForDeploymentPostprocessing = 0;
		};
/* End PBXSourcesBuildPhase section */

/* Begin PBXVariantGroup section */
		63A6EE192944BCF800E442EA /* Main.storyboard */ = {
			isa = PBXVariantGroup;
			children = (
				63A6EE1A2944BCF800E442EA /* Base */,
			);
			name = Main.storyboard;
			sourceTree = "<group>";
		};
		63A6EE1E2944BCF900E442EA /* LaunchScreen.storyboard */ = {
			isa = PBXVariantGroup;
			children = (
				63A6EE1F2944BCF900E442EA /* Base */,
			);
			name = LaunchScreen.storyboard;
			sourceTree = "<group>";
		};
/* End PBXVariantGroup section */

/* Begin XCBuildConfiguration section */
		63A6EE222944BCF900E442EA /* Debug */ = {
			isa = XCBuildConfiguration;
			buildSettings = {
				ALWAYS_SEARCH_USER_PATHS = NO;
				CLANG_ANALYZER_NONNULL = YES;
				CLANG_ANALYZER_NUMBER_OBJECT_CONVERSION = YES_AGGRESSIVE;
				CLANG_CXX_LANGUAGE_STANDARD = "gnu++20";
				CLANG_ENABLE_MODULES = YES;
				CLANG_ENABLE_OBJC_ARC = YES;
				CLANG_ENABLE_OBJC_WEAK = YES;
				CLANG_WARN_BLOCK_CAPTURE_AUTORELEASING = YES;
				CLANG_WARN_BOOL_CONVERSION = YES;
				CLANG_WARN_COMMA = YES;
				CLANG_WARN_CONSTANT_CONVERSION = YES;
				CLANG_WARN_DEPRECATED_OBJC_IMPLEMENTATIONS = YES;
				CLANG_WARN_DIRECT_OBJC_ISA_USAGE = YES_ERROR;
				CLANG_WARN_DOCUMENTATION_COMMENTS = YES;
				CLANG_WARN_EMPTY_BODY = YES;
				CLANG_WARN_ENUM_CONVERSION = YES;
				CLANG_WARN_INFINITE_RECURSION = YES;
				CLANG_WARN_INT_CONVERSION = YES;
				CLANG_WARN_NON_LITERAL_NULL_CONVERSION = YES;
				CLANG_WARN_OBJC_IMPLICIT_RETAIN_SELF = YES;
				CLANG_WARN_OBJC_LITERAL_CONVERSION = YES;
				CLANG_WARN_OBJC_ROOT_CLASS = YES_ERROR;
				CLANG_WARN_QUOTED_INCLUDE_IN_FRAMEWORK_HEADER = YES;
				CLANG_WARN_RANGE_LOOP_ANALYSIS = YES;
				CLANG_WARN_STRICT_PROTOTYPES = YES;
				CLANG_WARN_SUSPICIOUS_MOVE = YES;
				CLANG_WARN_UNGUARDED_AVAILABILITY = YES_AGGRESSIVE;
				CLANG_WARN_UNREACHABLE_CODE = YES;
				CLANG_WARN__DUPLICATE_METHOD_MATCH = YES;
				COPY_PHASE_STRIP = NO;
				DEBUG_INFORMATION_FORMAT = dwarf;
				ENABLE_STRICT_OBJC_MSGSEND = YES;
				ENABLE_TESTABILITY = YES;
				GCC_C_LANGUAGE_STANDARD = gnu11;
				GCC_DYNAMIC_NO_PIC = NO;
				GCC_NO_COMMON_BLOCKS = YES;
				GCC_OPTIMIZATION_LEVEL = 0;
				GCC_PREPROCESSOR_DEFINITIONS = (
					"DEBUG=1",
					"$(inherited)",
				);
				GCC_WARN_64_TO_32_BIT_CONVERSION = YES;
				GCC_WARN_ABOUT_RETURN_TYPE = YES_ERROR;
				GCC_WARN_UNDECLARED_SELECTOR = YES;
				GCC_WARN_UNINITIALIZED_AUTOS = YES_AGGRESSIVE;
				GCC_WARN_UNUSED_FUNCTION = YES;
				GCC_WARN_UNUSED_VARIABLE = YES;
				IPHONEOS_DEPLOYMENT_TARGET = 16.0;
				MTL_ENABLE_DEBUG_INFO = INCLUDE_SOURCE;
				MTL_FAST_MATH = YES;
				ONLY_ACTIVE_ARCH = YES;
				SDKROOT = iphoneos;
				SWIFT_ACTIVE_COMPILATION_CONDITIONS = DEBUG;
				SWIFT_OPTIMIZATION_LEVEL = "-Onone";
			};
			name = Debug;
		};
		63A6EE232944BCF900E442EA /* Release */ = {
			isa = XCBuildConfiguration;
			buildSettings = {
				ALWAYS_SEARCH_USER_PATHS = NO;
				CLANG_ANALYZER_NONNULL = YES;
				CLANG_ANALYZER_NUMBER_OBJECT_CONVERSION = YES_AGGRESSIVE;
				CLANG_CXX_LANGUAGE_STANDARD = "gnu++20";
				CLANG_ENABLE_MODULES = YES;
				CLANG_ENABLE_OBJC_ARC = YES;
				CLANG_ENABLE_OBJC_WEAK = YES;
				CLANG_WARN_BLOCK_CAPTURE_AUTORELEASING = YES;
				CLANG_WARN_BOOL_CONVERSION = YES;
				CLANG_WARN_COMMA = YES;
				CLANG_WARN_CONSTANT_CONVERSION = YES;
				CLANG_WARN_DEPRECATED_OBJC_IMPLEMENTATIONS = YES;
				CLANG_WARN_DIRECT_OBJC_ISA_USAGE = YES_ERROR;
				CLANG_WARN_DOCUMENTATION_COMMENTS = YES;
				CLANG_WARN_EMPTY_BODY = YES;
				CLANG_WARN_ENUM_CONVERSION = YES;
				CLANG_WARN_INFINITE_RECURSION = YES;
				CLANG_WARN_INT_CONVERSION = YES;
				CLANG_WARN_NON_LITERAL_NULL_CONVERSION = YES;
				CLANG_WARN_OBJC_IMPLICIT_RETAIN_SELF = YES;
				CLANG_WARN_OBJC_LITERAL_CONVERSION = YES;
				CLANG_WARN_OBJC_ROOT_CLASS = YES_ERROR;
				CLANG_WARN_QUOTED_INCLUDE_IN_FRAMEWORK_HEADER = YES;
				CLANG_WARN_RANGE_LOOP_ANALYSIS = YES;
				CLANG_WARN_STRICT_PROTOTYPES = YES;
				CLANG_WARN_SUSPICIOUS_MOVE = YES;
				CLANG_WARN_UNGUARDED_AVAILABILITY = YES_AGGRESSIVE;
				CLANG_WARN_UNREACHABLE_CODE = YES;
				CLANG_WARN__DUPLICATE_METHOD_MATCH = YES;
				COPY_PHASE_STRIP = NO;
				DEBUG_INFORMATION_FORMAT = "dwarf-with-dsym";
				ENABLE_NS_ASSERTIONS = NO;
				ENABLE_STRICT_OBJC_MSGSEND = YES;
				GCC_C_LANGUAGE_STANDARD = gnu11;
				GCC_NO_COMMON_BLOCKS = YES;
				GCC_WARN_64_TO_32_BIT_CONVERSION = YES;
				GCC_WARN_ABOUT_RETURN_TYPE = YES_ERROR;
				GCC_WARN_UNDECLARED_SELECTOR = YES;
				GCC_WARN_UNINITIALIZED_AUTOS = YES_AGGRESSIVE;
				GCC_WARN_UNUSED_FUNCTION = YES;
				GCC_WARN_UNUSED_VARIABLE = YES;
				IPHONEOS_DEPLOYMENT_TARGET = 16.0;
				MTL_ENABLE_DEBUG_INFO = NO;
				MTL_FAST_MATH = YES;
				SDKROOT = iphoneos;
				SWIFT_COMPILATION_MODE = wholemodule;
				SWIFT_OPTIMIZATION_LEVEL = "-O";
				VALIDATE_PRODUCT = YES;
			};
			name = Release;
		};
		63A6EE252944BCF900E442EA /* Debug */ = {
			isa = XCBuildConfiguration;
			baseConfigurationReference = 6E266237BF51BC943426BCD8 /* Pods-LoginSampleApp.debug.xcconfig */;
			buildSettings = {
				ASSETCATALOG_COMPILER_APPICON_NAME = AppIcon;
				ASSETCATALOG_COMPILER_GLOBAL_ACCENT_COLOR_NAME = AccentColor;
				CODE_SIGN_STYLE = Automatic;
				CURRENT_PROJECT_VERSION = 1;
				GENERATE_INFOPLIST_FILE = YES;
				INFOPLIST_FILE = LoginSampleApp/Info.plist;
				INFOPLIST_KEY_UIApplicationSupportsIndirectInputEvents = YES;
				INFOPLIST_KEY_UILaunchStoryboardName = LaunchScreen;
				INFOPLIST_KEY_UIMainStoryboardFile = Main;
				INFOPLIST_KEY_UISupportedInterfaceOrientations_iPad = "UIInterfaceOrientationPortrait UIInterfaceOrientationPortraitUpsideDown UIInterfaceOrientationLandscapeLeft UIInterfaceOrientationLandscapeRight";
				INFOPLIST_KEY_UISupportedInterfaceOrientations_iPhone = "UIInterfaceOrientationPortrait UIInterfaceOrientationLandscapeLeft UIInterfaceOrientationLandscapeRight";
				LD_RUNPATH_SEARCH_PATHS = (
					"$(inherited)",
					"@executable_path/Frameworks",
				);
				MARKETING_VERSION = 1.0;
				PRODUCT_BUNDLE_IDENTIFIER = kr.co.hemg2.LoginSampleApp;
				PRODUCT_NAME = "$(TARGET_NAME)";
				SWIFT_EMIT_LOC_STRINGS = YES;
				SWIFT_VERSION = 5.0;
				TARGETED_DEVICE_FAMILY = "1,2";
			};
			name = Debug;
		};
		63A6EE262944BCF900E442EA /* Release */ = {
			isa = XCBuildConfiguration;
			baseConfigurationReference = 8236F31338ACF1FD41B89537 /* Pods-LoginSampleApp.release.xcconfig */;
			buildSettings = {
				ASSETCATALOG_COMPILER_APPICON_NAME = AppIcon;
				ASSETCATALOG_COMPILER_GLOBAL_ACCENT_COLOR_NAME = AccentColor;
				CODE_SIGN_STYLE = Automatic;
				CURRENT_PROJECT_VERSION = 1;
				GENERATE_INFOPLIST_FILE = YES;
				INFOPLIST_FILE = LoginSampleApp/Info.plist;
				INFOPLIST_KEY_UIApplicationSupportsIndirectInputEvents = YES;
				INFOPLIST_KEY_UILaunchStoryboardName = LaunchScreen;
				INFOPLIST_KEY_UIMainStoryboardFile = Main;
				INFOPLIST_KEY_UISupportedInterfaceOrientations_iPad = "UIInterfaceOrientationPortrait UIInterfaceOrientationPortraitUpsideDown UIInterfaceOrientationLandscapeLeft UIInterfaceOrientationLandscapeRight";
				INFOPLIST_KEY_UISupportedInterfaceOrientations_iPhone = "UIInterfaceOrientationPortrait UIInterfaceOrientationLandscapeLeft UIInterfaceOrientationLandscapeRight";
				LD_RUNPATH_SEARCH_PATHS = (
					"$(inherited)",
					"@executable_path/Frameworks",
				);
				MARKETING_VERSION = 1.0;
				PRODUCT_BUNDLE_IDENTIFIER = kr.co.hemg2.LoginSampleApp;
				PRODUCT_NAME = "$(TARGET_NAME)";
				SWIFT_EMIT_LOC_STRINGS = YES;
				SWIFT_VERSION = 5.0;
				TARGETED_DEVICE_FAMILY = "1,2";
			};
			name = Release;
		};
/* End XCBuildConfiguration section */

/* Begin XCConfigurationList section */
		63A6EE0B2944BCF800E442EA /* Build configuration list for PBXProject "LoginSampleApp" */ = {
			isa = XCConfigurationList;
			buildConfigurations = (
				63A6EE222944BCF900E442EA /* Debug */,
				63A6EE232944BCF900E442EA /* Release */,
			);
			defaultConfigurationIsVisible = 0;
			defaultConfigurationName = Release;
		};
		63A6EE242944BCF900E442EA /* Build configuration list for PBXNativeTarget "LoginSampleApp" */ = {
			isa = XCConfigurationList;
			buildConfigurations = (
				63A6EE252944BCF900E442EA /* Debug */,
				63A6EE262944BCF900E442EA /* Release */,
			);
			defaultConfigurationIsVisible = 0;
			defaultConfigurationName = Release;
		};
/* End XCConfigurationList section */
	};
	rootObject = 63A6EE082944BCF800E442EA /* Project object */;
}
